
Microsoft Visual Studio Solution File, Format Version 12.00
# Visual Studio Version 17
VisualStudioVersion = 17.14.36623.8 d17.14
MinimumVisualStudioVersion = 10.0.40219.1
Project("{FAE04EC0-301F-11D3-BF4B-00C04F79EFBC}") = "Locadora.View", "Locadora.View\Locadora.View.csproj", "{F9D9561B-1919-4E56-B2CF-558B2CBFFEEE}"
EndProject
Project("{FAE04EC0-301F-11D3-BF4B-00C04F79EFBC}") = "Locadora.Models", "Locadora.Models\Locadora.Models.csproj", "{8B4321D7-3957-4F26-901D-7C3AC6969178}"
EndProject
Project("{FAE04EC0-301F-11D3-BF4B-00C04F79EFBC}") = "Locadora.Controller", "Locadora.Controller\Locadora.Controller.csproj", "{740B2CBC-14CD-40CA-9754-4DF6F8DD5D26}"
EndProject
Project("{2150E333-8FDC-42A3-9474-1A3956D46DE8}") = "Itens de Solução", "Itens de Solução", "{380A7511-A354-6D7A-0CC0-8FA1F1BA7B6C}"
	ProjectSection(SolutionItems) = preProject
		SQL\CREATE_SCHEMA.sql = SQL\CREATE_SCHEMA.sql
	EndProjectSection
EndProject
Project("{FAE04EC0-301F-11D3-BF4B-00C04F79EFBC}") = "Utils", "Utils\Utils.csproj", "{1D3DE5B4-A258-48A8-BE14-117870803636}"
EndProject
Global
	GlobalSection(SolutionConfigurationPlatforms) = preSolution
		Debug|Any CPU = Debug|Any CPU
		Release|Any CPU = Release|Any CPU
	EndGlobalSection
	GlobalSection(ProjectConfigurationPlatforms) = postSolution
		{F9D9561B-1919-4E56-B2CF-558B2CBFFEEE}.Debug|Any CPU.ActiveCfg = Debug|Any CPU
		{F9D9561B-1919-4E56-B2CF-558B2CBFFEEE}.Debug|Any CPU.Build.0 = Debug|Any CPU
		{F9D9561B-1919-4E56-B2CF-558B2CBFFEEE}.Release|Any CPU.ActiveCfg = Release|Any CPU
		{F9D9561B-1919-4E56-B2CF-558B2CBFFEEE}.Release|Any CPU.Build.0 = Release|Any CPU
		{8B4321D7-3957-4F26-901D-7C3AC6969178}.Debug|Any CPU.ActiveCfg = Debug|Any CPU
		{8B4321D7-3957-4F26-901D-7C3AC6969178}.Debug|Any CPU.Build.0 = Debug|Any CPU
		{8B4321D7-3957-4F26-901D-7C3AC6969178}.Release|Any CPU.ActiveCfg = Release|Any CPU
		{8B4321D7-3957-4F26-901D-7C3AC6969178}.Release|Any CPU.Build.0 = Release|Any CPU
		{740B2CBC-14CD-40CA-9754-4DF6F8DD5D26}.Debug|Any CPU.ActiveCfg = Debug|Any CPU
		{740B2CBC-14CD-40CA-9754-4DF6F8DD5D26}.Debug|Any CPU.Build.0 = Debug|Any CPU
		{740B2CBC-14CD-40CA-9754-4DF6F8DD5D26}.Release|Any CPU.ActiveCfg = Release|Any CPU
		{740B2CBC-14CD-40CA-9754-4DF6F8DD5D26}.Release|Any CPU.Build.0 = Release|Any CPU
		{1D3DE5B4-A258-48A8-BE14-117870803636}.Debug|Any CPU.ActiveCfg = Debug|Any CPU
		{1D3DE5B4-A258-48A8-BE14-117870803636}.Debug|Any CPU.Build.0 = Debug|Any CPU
		{1D3DE5B4-A258-48A8-BE14-117870803636}.Release|Any CPU.ActiveCfg = Release|Any CPU
		{1D3DE5B4-A258-48A8-BE14-117870803636}.Release|Any CPU.Build.0 = Release|Any CPU
	EndGlobalSection
	GlobalSection(SolutionProperties) = preSolution
		HideSolutionNode = FALSE
	EndGlobalSection
	GlobalSection(ExtensibilityGlobals) = postSolution
		SolutionGuid = {4C450748-5C8F-4EF9-A99A-220BE50B1BA8}
	EndGlobalSection
EndGlobal
